
Microsoft Visual Studio Solution File, Format Version 12.00
# Visual Studio Version 16
VisualStudioVersion = 25.0.1700.3
MinimumVisualStudioVersion = 10.0.40219.1
Project("{FAE04EC0-301F-11D3-BF4B-00C04F79EFBC}") = "ytech.labs.tasks", "ytech.labs.tasks\ytech.labs.tasks.csproj", "{E78BDA0D-9A9B-4398-BD3C-9945F430EC1D}"
EndProject
Global
	GlobalSection(SolutionConfigurationPlatforms) = preSolution
		Debug|Any CPU = Debug|Any CPU
		Release|Any CPU = Release|Any CPU
	EndGlobalSection
	GlobalSection(ProjectConfigurationPlatforms) = postSolution
		{E78BDA0D-9A9B-4398-BD3C-9945F430EC1D}.Debug|Any CPU.ActiveCfg = Debug|Any CPU
		{E78BDA0D-9A9B-4398-BD3C-9945F430EC1D}.Debug|Any CPU.Build.0 = Debug|Any CPU
		{E78BDA0D-9A9B-4398-BD3C-9945F430EC1D}.Release|Any CPU.ActiveCfg = Release|Any CPU
		{E78BDA0D-9A9B-4398-BD3C-9945F430EC1D}.Release|Any CPU.Build.0 = Release|Any CPU
	EndGlobalSection
	GlobalSection(SolutionProperties) = preSolution
		HideSolutionNode = FALSE
	EndGlobalSection
	GlobalSection(ExtensibilityGlobals) = postSolution
		SolutionGuid = {C9DEDB27-499A-4DA1-B217-97EDD133ACD7}
	EndGlobalSection
EndGlobal
